
Microsoft Visual Studio Solution File, Format Version 12.00
# Visual Studio Version 17
VisualStudioVersion = 17.9.34616.47
MinimumVisualStudioVersion = 10.0.40219.1
Project("{FAE04EC0-301F-11D3-BF4B-00C04F79EFBC}") = "WebApi", "WebApi\WebApi.csproj", "{7AAB6B88-DD3B-477D-9881-82BF1E0FF0CC}"
EndProject
Global
	GlobalSection(SolutionConfigurationPlatforms) = preSolution
		Debug|Any CPU = Debug|Any CPU
		Release|Any CPU = Release|Any CPU
	EndGlobalSection
	GlobalSection(ProjectConfigurationPlatforms) = postSolution
		{7AAB6B88-DD3B-477D-9881-82BF1E0FF0CC}.Debug|Any CPU.ActiveCfg = Debug|Any CPU
		{7AAB6B88-DD3B-477D-9881-82BF1E0FF0CC}.Debug|Any CPU.Build.0 = Debug|Any CPU
		{7AAB6B88-DD3B-477D-9881-82BF1E0FF0CC}.Release|Any CPU.ActiveCfg = Release|Any CPU
		{7AAB6B88-DD3B-477D-9881-82BF1E0FF0CC}.Release|Any CPU.Build.0 = Release|Any CPU
	EndGlobalSection
	GlobalSection(SolutionProperties) = preSolution
		HideSolutionNode = FALSE
	EndGlobalSection
	GlobalSection(ExtensibilityGlobals) = postSolution
		SolutionGuid = {F8102454-9A95-4825-9D8F-83B7778FF1A7}
	EndGlobalSection
EndGlobal
